
Microsoft Visual Studio Solution File, Format Version 11.00
# Visual Studio 2010
Project("{2150E333-8FDC-42A3-9474-1A3956D46DE8}") = "Solution Items", "Solution Items", "{82919A56-424B-4ECC-9159-6E40BD75436B}"
	ProjectSection(SolutionItems) = preProject
		DbChanges.txt = DbChanges.txt
		EPICCentral.vsmdi = EPICCentral.vsmdi
		Local.testsettings = Local.testsettings
		TraceAndTestImpact.testsettings = TraceAndTestImpact.testsettings
	EndProjectSection
EndProject
Project("{FAE04EC0-301F-11D3-BF4B-00C04F79EFBC}") = "EPICCentral", "EPICCentral\EPICCentral.csproj", "{3D5E2712-EB47-4E8A-9475-D81017205B51}"
EndProject
Project("{FAE04EC0-301F-11D3-BF4B-00C04F79EFBC}") = "EPICCentralDL", "EPICCentralDL\GeneratedCode\EPICCentralDL.csproj", "{CCED5904-771D-4AB9-B3D5-3CE29077EF6E}"
EndProject
Project("{FAE04EC0-301F-11D3-BF4B-00C04F79EFBC}") = "AuthorizeNET", "Authorize.NET\AuthorizeNET.csproj", "{5D52EAEC-42FB-4313-83B8-69E2F55EBF14}"
EndProject
Project("{FAE04EC0-301F-11D3-BF4B-00C04F79EFBC}") = "EPICCentralServiceAPI", "EPICCentralServiceAPI\EPICCentralServiceAPI.csproj", "{CF069529-B004-4393-BBE8-CA0F3629D714}"
EndProject
Project("{FAE04EC0-301F-11D3-BF4B-00C04F79EFBC}") = "AE.Net.Mail", "packages\andyedinborough-aenetmail-5d5a0b8\AE.Net.Mail.csproj", "{68E9CF8C-AB54-4CC7-A34F-C7F469E4EFE0}"
EndProject
Project("{FAE04EC0-301F-11D3-BF4B-00C04F79EFBC}") = "ResourseTranslator", "ResourseTranslator\ResourseTranslator.csproj", "{42777E4B-A8FA-4AEB-B981-9E880EF43610}"
EndProject
Project("{FAE04EC0-301F-11D3-BF4B-00C04F79EFBC}") = "MvcApiActionFilter", "MvcApiActionFilter\MvcApiActionFilter.csproj", "{BAA8E7F2-55B8-4030-A903-1710F0E25B39}"
EndProject
Project("{FAE04EC0-301F-11D3-BF4B-00C04F79EFBC}") = "MailboxChecker", "MailboxChecker\MailboxChecker.csproj", "{8CEE3A7F-900D-4271-9049-5092EE553AEE}"
EndProject
Project("{FAE04EC0-301F-11D3-BF4B-00C04F79EFBC}") = "EPICCentralUnitTest", "EPICCentralUnitTest\EPICCentralUnitTest.csproj", "{04334D35-86C0-4BB6-A60D-8D51B09C5617}"
EndProject
Project("{FAE04EC0-301F-11D3-BF4B-00C04F79EFBC}") = "UnitTestPrinter", "UnitTestPrinter\UnitTestPrinter.csproj", "{E24D4033-A071-479E-A5E4-B07AA126B714}"
EndProject
Global
	GlobalSection(TestCaseManagementSettings) = postSolution
		CategoryFile = EPICCentral.vsmdi
	EndGlobalSection
	GlobalSection(SolutionConfigurationPlatforms) = preSolution
		Debug|Any CPU = Debug|Any CPU
		Debug|Mixed Platforms = Debug|Mixed Platforms
		Debug|x64 = Debug|x64
		Debug|x86 = Debug|x86
		DevTest|Any CPU = DevTest|Any CPU
		DevTest|Mixed Platforms = DevTest|Mixed Platforms
		DevTest|x64 = DevTest|x64
		DevTest|x86 = DevTest|x86
		MailSystem Dev|Any CPU = MailSystem Dev|Any CPU
		MailSystem Dev|Mixed Platforms = MailSystem Dev|Mixed Platforms
		MailSystem Dev|x64 = MailSystem Dev|x64
		MailSystem Dev|x86 = MailSystem Dev|x86
		Release|Any CPU = Release|Any CPU
		Release|Mixed Platforms = Release|Mixed Platforms
		Release|x64 = Release|x64
		Release|x86 = Release|x86
		Retail|Any CPU = Retail|Any CPU
		Retail|Mixed Platforms = Retail|Mixed Platforms
		Retail|x64 = Retail|x64
		Retail|x86 = Retail|x86
		Trial|Any CPU = Trial|Any CPU
		Trial|Mixed Platforms = Trial|Mixed Platforms
		Trial|x64 = Trial|x64
		Trial|x86 = Trial|x86
	EndGlobalSection
	GlobalSection(ProjectConfigurationPlatforms) = postSolution
		{3D5E2712-EB47-4E8A-9475-D81017205B51}.Debug|Any CPU.ActiveCfg = Debug|Any CPU
		{3D5E2712-EB47-4E8A-9475-D81017205B51}.Debug|Any CPU.Build.0 = Debug|Any CPU
		{3D5E2712-EB47-4E8A-9475-D81017205B51}.Debug|Mixed Platforms.ActiveCfg = Debug|Any CPU
		{3D5E2712-EB47-4E8A-9475-D81017205B51}.Debug|Mixed Platforms.Build.0 = Debug|Any CPU
		{3D5E2712-EB47-4E8A-9475-D81017205B51}.Debug|x64.ActiveCfg = Debug|Any CPU
		{3D5E2712-EB47-4E8A-9475-D81017205B51}.Debug|x64.Build.0 = Debug|Any CPU
		{3D5E2712-EB47-4E8A-9475-D81017205B51}.Debug|x86.ActiveCfg = Debug|Any CPU
		{3D5E2712-EB47-4E8A-9475-D81017205B51}.DevTest|Any CPU.ActiveCfg = DevTest|Any CPU
		{3D5E2712-EB47-4E8A-9475-D81017205B51}.DevTest|Any CPU.Build.0 = DevTest|Any CPU
		{3D5E2712-EB47-4E8A-9475-D81017205B51}.DevTest|Mixed Platforms.ActiveCfg = DevTest|Any CPU
		{3D5E2712-EB47-4E8A-9475-D81017205B51}.DevTest|Mixed Platforms.Build.0 = DevTest|Any CPU
		{3D5E2712-EB47-4E8A-9475-D81017205B51}.DevTest|x64.ActiveCfg = DevTest|Any CPU
		{3D5E2712-EB47-4E8A-9475-D81017205B51}.DevTest|x86.ActiveCfg = DevTest|Any CPU
		{3D5E2712-EB47-4E8A-9475-D81017205B51}.MailSystem Dev|Any CPU.ActiveCfg = DevTest|Any CPU
		{3D5E2712-EB47-4E8A-9475-D81017205B51}.MailSystem Dev|Any CPU.Build.0 = DevTest|Any CPU
		{3D5E2712-EB47-4E8A-9475-D81017205B51}.MailSystem Dev|Mixed Platforms.ActiveCfg = DevTest|Any CPU
		{3D5E2712-EB47-4E8A-9475-D81017205B51}.MailSystem Dev|Mixed Platforms.Build.0 = DevTest|Any CPU
		{3D5E2712-EB47-4E8A-9475-D81017205B51}.MailSystem Dev|x64.ActiveCfg = DevTest|Any CPU
		{3D5E2712-EB47-4E8A-9475-D81017205B51}.MailSystem Dev|x86.ActiveCfg = DevTest|Any CPU
		{3D5E2712-EB47-4E8A-9475-D81017205B51}.Release|Any CPU.ActiveCfg = Release|Any CPU
		{3D5E2712-EB47-4E8A-9475-D81017205B51}.Release|Any CPU.Build.0 = Release|Any CPU
		{3D5E2712-EB47-4E8A-9475-D81017205B51}.Release|Mixed Platforms.ActiveCfg = Release|Any CPU
		{3D5E2712-EB47-4E8A-9475-D81017205B51}.Release|Mixed Platforms.Build.0 = Release|Any CPU
		{3D5E2712-EB47-4E8A-9475-D81017205B51}.Release|x64.ActiveCfg = Release|Any CPU
		{3D5E2712-EB47-4E8A-9475-D81017205B51}.Release|x86.ActiveCfg = Release|Any CPU
		{3D5E2712-EB47-4E8A-9475-D81017205B51}.Retail|Any CPU.ActiveCfg = Release|Any CPU
		{3D5E2712-EB47-4E8A-9475-D81017205B51}.Retail|Any CPU.Build.0 = Release|Any CPU
		{3D5E2712-EB47-4E8A-9475-D81017205B51}.Retail|Mixed Platforms.ActiveCfg = Release|Any CPU
		{3D5E2712-EB47-4E8A-9475-D81017205B51}.Retail|Mixed Platforms.Build.0 = Release|Any CPU
		{3D5E2712-EB47-4E8A-9475-D81017205B51}.Retail|x64.ActiveCfg = Release|Any CPU
		{3D5E2712-EB47-4E8A-9475-D81017205B51}.Retail|x86.ActiveCfg = Release|Any CPU
		{3D5E2712-EB47-4E8A-9475-D81017205B51}.Trial|Any CPU.ActiveCfg = DevTest|Any CPU
		{3D5E2712-EB47-4E8A-9475-D81017205B51}.Trial|Any CPU.Build.0 = DevTest|Any CPU
		{3D5E2712-EB47-4E8A-9475-D81017205B51}.Trial|Mixed Platforms.ActiveCfg = DevTest|Any CPU
		{3D5E2712-EB47-4E8A-9475-D81017205B51}.Trial|Mixed Platforms.Build.0 = DevTest|Any CPU
		{3D5E2712-EB47-4E8A-9475-D81017205B51}.Trial|x64.ActiveCfg = DevTest|Any CPU
		{3D5E2712-EB47-4E8A-9475-D81017205B51}.Trial|x86.ActiveCfg = DevTest|Any CPU
		{CCED5904-771D-4AB9-B3D5-3CE29077EF6E}.Debug|Any CPU.ActiveCfg = Debug|Any CPU
		{CCED5904-771D-4AB9-B3D5-3CE29077EF6E}.Debug|Any CPU.Build.0 = Debug|Any CPU
		{CCED5904-771D-4AB9-B3D5-3CE29077EF6E}.Debug|Mixed Platforms.ActiveCfg = Debug|Any CPU
		{CCED5904-771D-4AB9-B3D5-3CE29077EF6E}.Debug|Mixed Platforms.Build.0 = Debug|Any CPU
		{CCED5904-771D-4AB9-B3D5-3CE29077EF6E}.Debug|x64.ActiveCfg = Debug|Any CPU
		{CCED5904-771D-4AB9-B3D5-3CE29077EF6E}.Debug|x64.Build.0 = Debug|Any CPU
		{CCED5904-771D-4AB9-B3D5-3CE29077EF6E}.Debug|x86.ActiveCfg = Debug|Any CPU
		{CCED5904-771D-4AB9-B3D5-3CE29077EF6E}.DevTest|Any CPU.ActiveCfg = DevTest|Any CPU
		{CCED5904-771D-4AB9-B3D5-3CE29077EF6E}.DevTest|Any CPU.Build.0 = DevTest|Any CPU
		{CCED5904-771D-4AB9-B3D5-3CE29077EF6E}.DevTest|Mixed Platforms.ActiveCfg = DevTest|Any CPU
		{CCED5904-771D-4AB9-B3D5-3CE29077EF6E}.DevTest|Mixed Platforms.Build.0 = DevTest|Any CPU
		{CCED5904-771D-4AB9-B3D5-3CE29077EF6E}.DevTest|x64.ActiveCfg = DevTest|Any CPU
		{CCED5904-771D-4AB9-B3D5-3CE29077EF6E}.DevTest|x86.ActiveCfg = DevTest|Any CPU
		{CCED5904-771D-4AB9-B3D5-3CE29077EF6E}.MailSystem Dev|Any CPU.ActiveCfg = DevTest|Any CPU
		{CCED5904-771D-4AB9-B3D5-3CE29077EF6E}.MailSystem Dev|Any CPU.Build.0 = DevTest|Any CPU
		{CCED5904-771D-4AB9-B3D5-3CE29077EF6E}.MailSystem Dev|Mixed Platforms.ActiveCfg = DevTest|Any CPU
		{CCED5904-771D-4AB9-B3D5-3CE29077EF6E}.MailSystem Dev|Mixed Platforms.Build.0 = DevTest|Any CPU
		{CCED5904-771D-4AB9-B3D5-3CE29077EF6E}.MailSystem Dev|x64.ActiveCfg = DevTest|Any CPU
		{CCED5904-771D-4AB9-B3D5-3CE29077EF6E}.MailSystem Dev|x86.ActiveCfg = DevTest|Any CPU
		{CCED5904-771D-4AB9-B3D5-3CE29077EF6E}.Release|Any CPU.ActiveCfg = Release|Any CPU
		{CCED5904-771D-4AB9-B3D5-3CE29077EF6E}.Release|Any CPU.Build.0 = Release|Any CPU
		{CCED5904-771D-4AB9-B3D5-3CE29077EF6E}.Release|Mixed Platforms.ActiveCfg = Release|Any CPU
		{CCED5904-771D-4AB9-B3D5-3CE29077EF6E}.Release|Mixed Platforms.Build.0 = Release|Any CPU
		{CCED5904-771D-4AB9-B3D5-3CE29077EF6E}.Release|x64.ActiveCfg = Release|Any CPU
		{CCED5904-771D-4AB9-B3D5-3CE29077EF6E}.Release|x86.ActiveCfg = Release|Any CPU
		{CCED5904-771D-4AB9-B3D5-3CE29077EF6E}.Retail|Any CPU.ActiveCfg = Release|Any CPU
		{CCED5904-771D-4AB9-B3D5-3CE29077EF6E}.Retail|Any CPU.Build.0 = Release|Any CPU
		{CCED5904-771D-4AB9-B3D5-3CE29077EF6E}.Retail|Mixed Platforms.ActiveCfg = Release|Any CPU
		{CCED5904-771D-4AB9-B3D5-3CE29077EF6E}.Retail|Mixed Platforms.Build.0 = Release|Any CPU
		{CCED5904-771D-4AB9-B3D5-3CE29077EF6E}.Retail|x64.ActiveCfg = Release|Any CPU
		{CCED5904-771D-4AB9-B3D5-3CE29077EF6E}.Retail|x86.ActiveCfg = Release|Any CPU
		{CCED5904-771D-4AB9-B3D5-3CE29077EF6E}.Trial|Any CPU.ActiveCfg = DevTest|Any CPU
		{CCED5904-771D-4AB9-B3D5-3CE29077EF6E}.Trial|Any CPU.Build.0 = DevTest|Any CPU
		{CCED5904-771D-4AB9-B3D5-3CE29077EF6E}.Trial|Mixed Platforms.ActiveCfg = DevTest|Any CPU
		{CCED5904-771D-4AB9-B3D5-3CE29077EF6E}.Trial|Mixed Platforms.Build.0 = DevTest|Any CPU
		{CCED5904-771D-4AB9-B3D5-3CE29077EF6E}.Trial|x64.ActiveCfg = DevTest|Any CPU
		{CCED5904-771D-4AB9-B3D5-3CE29077EF6E}.Trial|x86.ActiveCfg = DevTest|Any CPU
		{5D52EAEC-42FB-4313-83B8-69E2F55EBF14}.Debug|Any CPU.ActiveCfg = Debug|Any CPU
		{5D52EAEC-42FB-4313-83B8-69E2F55EBF14}.Debug|Any CPU.Build.0 = Debug|Any CPU
		{5D52EAEC-42FB-4313-83B8-69E2F55EBF14}.Debug|Mixed Platforms.ActiveCfg = Debug|Any CPU
		{5D52EAEC-42FB-4313-83B8-69E2F55EBF14}.Debug|Mixed Platforms.Build.0 = Debug|Any CPU
		{5D52EAEC-42FB-4313-83B8-69E2F55EBF14}.Debug|x64.ActiveCfg = Debug|Any CPU
		{5D52EAEC-42FB-4313-83B8-69E2F55EBF14}.Debug|x64.Build.0 = Debug|Any CPU
		{5D52EAEC-42FB-4313-83B8-69E2F55EBF14}.Debug|x86.ActiveCfg = Debug|Any CPU
		{5D52EAEC-42FB-4313-83B8-69E2F55EBF14}.DevTest|Any CPU.ActiveCfg = Debug|Any CPU
		{5D52EAEC-42FB-4313-83B8-69E2F55EBF14}.DevTest|Any CPU.Build.0 = Debug|Any CPU
		{5D52EAEC-42FB-4313-83B8-69E2F55EBF14}.DevTest|Mixed Platforms.ActiveCfg = Debug|Any CPU
		{5D52EAEC-42FB-4313-83B8-69E2F55EBF14}.DevTest|Mixed Platforms.Build.0 = Debug|Any CPU
		{5D52EAEC-42FB-4313-83B8-69E2F55EBF14}.DevTest|x64.ActiveCfg = Debug|Any CPU
		{5D52EAEC-42FB-4313-83B8-69E2F55EBF14}.DevTest|x86.ActiveCfg = Debug|Any CPU
		{5D52EAEC-42FB-4313-83B8-69E2F55EBF14}.MailSystem Dev|Any CPU.ActiveCfg = Release|Any CPU
		{5D52EAEC-42FB-4313-83B8-69E2F55EBF14}.MailSystem Dev|Any CPU.Build.0 = Release|Any CPU
		{5D52EAEC-42FB-4313-83B8-69E2F55EBF14}.MailSystem Dev|Mixed Platforms.ActiveCfg = Release|Any CPU
		{5D52EAEC-42FB-4313-83B8-69E2F55EBF14}.MailSystem Dev|Mixed Platforms.Build.0 = Release|Any CPU
		{5D52EAEC-42FB-4313-83B8-69E2F55EBF14}.MailSystem Dev|x64.ActiveCfg = Release|Any CPU
		{5D52EAEC-42FB-4313-83B8-69E2F55EBF14}.MailSystem Dev|x86.ActiveCfg = Release|Any CPU
		{5D52EAEC-42FB-4313-83B8-69E2F55EBF14}.Release|Any CPU.ActiveCfg = Release|Any CPU
		{5D52EAEC-42FB-4313-83B8-69E2F55EBF14}.Release|Any CPU.Build.0 = Release|Any CPU
		{5D52EAEC-42FB-4313-83B8-69E2F55EBF14}.Release|Mixed Platforms.ActiveCfg = Release|Any CPU
		{5D52EAEC-42FB-4313-83B8-69E2F55EBF14}.Release|Mixed Platforms.Build.0 = Release|Any CPU
		{5D52EAEC-42FB-4313-83B8-69E2F55EBF14}.Release|x64.ActiveCfg = Release|Any CPU
		{5D52EAEC-42FB-4313-83B8-69E2F55EBF14}.Release|x86.ActiveCfg = Release|Any CPU
		{5D52EAEC-42FB-4313-83B8-69E2F55EBF14}.Retail|Any CPU.ActiveCfg = Release|Any CPU
		{5D52EAEC-42FB-4313-83B8-69E2F55EBF14}.Retail|Any CPU.Build.0 = Release|Any CPU
		{5D52EAEC-42FB-4313-83B8-69E2F55EBF14}.Retail|Mixed Platforms.ActiveCfg = Release|Any CPU
		{5D52EAEC-42FB-4313-83B8-69E2F55EBF14}.Retail|Mixed Platforms.Build.0 = Release|Any CPU
		{5D52EAEC-42FB-4313-83B8-69E2F55EBF14}.Retail|x64.ActiveCfg = Release|Any CPU
		{5D52EAEC-42FB-4313-83B8-69E2F55EBF14}.Retail|x86.ActiveCfg = Release|Any CPU
		{5D52EAEC-42FB-4313-83B8-69E2F55EBF14}.Trial|Any CPU.ActiveCfg = Release|Any CPU
		{5D52EAEC-42FB-4313-83B8-69E2F55EBF14}.Trial|Any CPU.Build.0 = Release|Any CPU
		{5D52EAEC-42FB-4313-83B8-69E2F55EBF14}.Trial|Mixed Platforms.ActiveCfg = Release|Any CPU
		{5D52EAEC-42FB-4313-83B8-69E2F55EBF14}.Trial|Mixed Platforms.Build.0 = Release|Any CPU
		{5D52EAEC-42FB-4313-83B8-69E2F55EBF14}.Trial|x64.ActiveCfg = Release|Any CPU
		{5D52EAEC-42FB-4313-83B8-69E2F55EBF14}.Trial|x86.ActiveCfg = Release|Any CPU
		{CF069529-B004-4393-BBE8-CA0F3629D714}.Debug|Any CPU.ActiveCfg = Debug|Any CPU
		{CF069529-B004-4393-BBE8-CA0F3629D714}.Debug|Any CPU.Build.0 = Debug|Any CPU
		{CF069529-B004-4393-BBE8-CA0F3629D714}.Debug|Mixed Platforms.ActiveCfg = Debug|Any CPU
		{CF069529-B004-4393-BBE8-CA0F3629D714}.Debug|Mixed Platforms.Build.0 = Debug|Any CPU
		{CF069529-B004-4393-BBE8-CA0F3629D714}.Debug|x64.ActiveCfg = Debug|Any CPU
		{CF069529-B004-4393-BBE8-CA0F3629D714}.Debug|x64.Build.0 = Debug|Any CPU
		{CF069529-B004-4393-BBE8-CA0F3629D714}.Debug|x86.ActiveCfg = Debug|Any CPU
		{CF069529-B004-4393-BBE8-CA0F3629D714}.DevTest|Any CPU.ActiveCfg = DevTest|Any CPU
		{CF069529-B004-4393-BBE8-CA0F3629D714}.DevTest|Any CPU.Build.0 = DevTest|Any CPU
		{CF069529-B004-4393-BBE8-CA0F3629D714}.DevTest|Mixed Platforms.ActiveCfg = DevTest|Any CPU
		{CF069529-B004-4393-BBE8-CA0F3629D714}.DevTest|Mixed Platforms.Build.0 = DevTest|Any CPU
		{CF069529-B004-4393-BBE8-CA0F3629D714}.DevTest|x64.ActiveCfg = DevTest|Any CPU
		{CF069529-B004-4393-BBE8-CA0F3629D714}.DevTest|x86.ActiveCfg = DevTest|Any CPU
		{CF069529-B004-4393-BBE8-CA0F3629D714}.MailSystem Dev|Any CPU.ActiveCfg = DevTest|Any CPU
		{CF069529-B004-4393-BBE8-CA0F3629D714}.MailSystem Dev|Any CPU.Build.0 = DevTest|Any CPU
		{CF069529-B004-4393-BBE8-CA0F3629D714}.MailSystem Dev|Mixed Platforms.ActiveCfg = DevTest|Any CPU
		{CF069529-B004-4393-BBE8-CA0F3629D714}.MailSystem Dev|Mixed Platforms.Build.0 = DevTest|Any CPU
		{CF069529-B004-4393-BBE8-CA0F3629D714}.MailSystem Dev|x64.ActiveCfg = DevTest|Any CPU
		{CF069529-B004-4393-BBE8-CA0F3629D714}.MailSystem Dev|x86.ActiveCfg = DevTest|Any CPU
		{CF069529-B004-4393-BBE8-CA0F3629D714}.Release|Any CPU.ActiveCfg = Release|Any CPU
		{CF069529-B004-4393-BBE8-CA0F3629D714}.Release|Any CPU.Build.0 = Release|Any CPU
		{CF069529-B004-4393-BBE8-CA0F3629D714}.Release|Mixed Platforms.ActiveCfg = Release|Any CPU
		{CF069529-B004-4393-BBE8-CA0F3629D714}.Release|Mixed Platforms.Build.0 = Release|Any CPU
		{CF069529-B004-4393-BBE8-CA0F3629D714}.Release|x64.ActiveCfg = Release|Any CPU
		{CF069529-B004-4393-BBE8-CA0F3629D714}.Release|x86.ActiveCfg = Release|Any CPU
		{CF069529-B004-4393-BBE8-CA0F3629D714}.Retail|Any CPU.ActiveCfg = Release|Any CPU
		{CF069529-B004-4393-BBE8-CA0F3629D714}.Retail|Any CPU.Build.0 = Release|Any CPU
		{CF069529-B004-4393-BBE8-CA0F3629D714}.Retail|Mixed Platforms.ActiveCfg = Release|Any CPU
		{CF069529-B004-4393-BBE8-CA0F3629D714}.Retail|Mixed Platforms.Build.0 = Release|Any CPU
		{CF069529-B004-4393-BBE8-CA0F3629D714}.Retail|x64.ActiveCfg = Release|Any CPU
		{CF069529-B004-4393-BBE8-CA0F3629D714}.Retail|x86.ActiveCfg = Release|Any CPU
		{CF069529-B004-4393-BBE8-CA0F3629D714}.Trial|Any CPU.ActiveCfg = DevTest|Any CPU
		{CF069529-B004-4393-BBE8-CA0F3629D714}.Trial|Any CPU.Build.0 = DevTest|Any CPU
		{CF069529-B004-4393-BBE8-CA0F3629D714}.Trial|Mixed Platforms.ActiveCfg = DevTest|Any CPU
		{CF069529-B004-4393-BBE8-CA0F3629D714}.Trial|Mixed Platforms.Build.0 = DevTest|Any CPU
		{CF069529-B004-4393-BBE8-CA0F3629D714}.Trial|x64.ActiveCfg = DevTest|Any CPU
		{CF069529-B004-4393-BBE8-CA0F3629D714}.Trial|x86.ActiveCfg = DevTest|Any CPU
		{68E9CF8C-AB54-4CC7-A34F-C7F469E4EFE0}.Debug|Any CPU.ActiveCfg = Debug|Any CPU
		{68E9CF8C-AB54-4CC7-A34F-C7F469E4EFE0}.Debug|Any CPU.Build.0 = Debug|Any CPU
		{68E9CF8C-AB54-4CC7-A34F-C7F469E4EFE0}.Debug|Mixed Platforms.ActiveCfg = Debug|Any CPU
		{68E9CF8C-AB54-4CC7-A34F-C7F469E4EFE0}.Debug|Mixed Platforms.Build.0 = Debug|Any CPU
		{68E9CF8C-AB54-4CC7-A34F-C7F469E4EFE0}.Debug|x64.ActiveCfg = Debug|Any CPU
		{68E9CF8C-AB54-4CC7-A34F-C7F469E4EFE0}.Debug|x86.ActiveCfg = Debug|Any CPU
		{68E9CF8C-AB54-4CC7-A34F-C7F469E4EFE0}.DevTest|Any CPU.ActiveCfg = Debug|Any CPU
		{68E9CF8C-AB54-4CC7-A34F-C7F469E4EFE0}.DevTest|Any CPU.Build.0 = Debug|Any CPU
		{68E9CF8C-AB54-4CC7-A34F-C7F469E4EFE0}.DevTest|Mixed Platforms.ActiveCfg = Debug|Any CPU
		{68E9CF8C-AB54-4CC7-A34F-C7F469E4EFE0}.DevTest|Mixed Platforms.Build.0 = Debug|Any CPU
		{68E9CF8C-AB54-4CC7-A34F-C7F469E4EFE0}.DevTest|x64.ActiveCfg = Debug|Any CPU
		{68E9CF8C-AB54-4CC7-A34F-C7F469E4EFE0}.DevTest|x86.ActiveCfg = Debug|Any CPU
		{68E9CF8C-AB54-4CC7-A34F-C7F469E4EFE0}.MailSystem Dev|Any CPU.ActiveCfg = Release|Any CPU
		{68E9CF8C-AB54-4CC7-A34F-C7F469E4EFE0}.MailSystem Dev|Any CPU.Build.0 = Release|Any CPU
		{68E9CF8C-AB54-4CC7-A34F-C7F469E4EFE0}.MailSystem Dev|Mixed Platforms.ActiveCfg = Release|Any CPU
		{68E9CF8C-AB54-4CC7-A34F-C7F469E4EFE0}.MailSystem Dev|Mixed Platforms.Build.0 = Release|Any CPU
		{68E9CF8C-AB54-4CC7-A34F-C7F469E4EFE0}.MailSystem Dev|x64.ActiveCfg = Release|Any CPU
		{68E9CF8C-AB54-4CC7-A34F-C7F469E4EFE0}.MailSystem Dev|x86.ActiveCfg = Release|Any CPU
		{68E9CF8C-AB54-4CC7-A34F-C7F469E4EFE0}.Release|Any CPU.ActiveCfg = Release|Any CPU
		{68E9CF8C-AB54-4CC7-A34F-C7F469E4EFE0}.Release|Any CPU.Build.0 = Release|Any CPU
		{68E9CF8C-AB54-4CC7-A34F-C7F469E4EFE0}.Release|Mixed Platforms.ActiveCfg = Release|Any CPU
		{68E9CF8C-AB54-4CC7-A34F-C7F469E4EFE0}.Release|Mixed Platforms.Build.0 = Release|Any CPU
		{68E9CF8C-AB54-4CC7-A34F-C7F469E4EFE0}.Release|x64.ActiveCfg = Release|Any CPU
		{68E9CF8C-AB54-4CC7-A34F-C7F469E4EFE0}.Release|x86.ActiveCfg = Release|Any CPU
		{68E9CF8C-AB54-4CC7-A34F-C7F469E4EFE0}.Retail|Any CPU.ActiveCfg = Release|Any CPU
		{68E9CF8C-AB54-4CC7-A34F-C7F469E4EFE0}.Retail|Any CPU.Build.0 = Release|Any CPU
		{68E9CF8C-AB54-4CC7-A34F-C7F469E4EFE0}.Retail|Mixed Platforms.ActiveCfg = Release|Any CPU
		{68E9CF8C-AB54-4CC7-A34F-C7F469E4EFE0}.Retail|Mixed Platforms.Build.0 = Release|Any CPU
		{68E9CF8C-AB54-4CC7-A34F-C7F469E4EFE0}.Retail|x64.ActiveCfg = Release|Any CPU
		{68E9CF8C-AB54-4CC7-A34F-C7F469E4EFE0}.Retail|x86.ActiveCfg = Release|Any CPU
		{68E9CF8C-AB54-4CC7-A34F-C7F469E4EFE0}.Trial|Any CPU.ActiveCfg = Release|Any CPU
		{68E9CF8C-AB54-4CC7-A34F-C7F469E4EFE0}.Trial|Any CPU.Build.0 = Release|Any CPU
		{68E9CF8C-AB54-4CC7-A34F-C7F469E4EFE0}.Trial|Mixed Platforms.ActiveCfg = Release|Any CPU
		{68E9CF8C-AB54-4CC7-A34F-C7F469E4EFE0}.Trial|Mixed Platforms.Build.0 = Release|Any CPU
		{68E9CF8C-AB54-4CC7-A34F-C7F469E4EFE0}.Trial|x64.ActiveCfg = Release|Any CPU
		{68E9CF8C-AB54-4CC7-A34F-C7F469E4EFE0}.Trial|x86.ActiveCfg = Release|Any CPU
		{42777E4B-A8FA-4AEB-B981-9E880EF43610}.Debug|Any CPU.ActiveCfg = Debug|x86
		{42777E4B-A8FA-4AEB-B981-9E880EF43610}.Debug|Mixed Platforms.ActiveCfg = Debug|x86
		{42777E4B-A8FA-4AEB-B981-9E880EF43610}.Debug|Mixed Platforms.Build.0 = Debug|x86
		{42777E4B-A8FA-4AEB-B981-9E880EF43610}.Debug|x64.ActiveCfg = Debug|x86
		{42777E4B-A8FA-4AEB-B981-9E880EF43610}.Debug|x86.ActiveCfg = Debug|x86
		{42777E4B-A8FA-4AEB-B981-9E880EF43610}.Debug|x86.Build.0 = Debug|x86
		{42777E4B-A8FA-4AEB-B981-9E880EF43610}.DevTest|Any CPU.ActiveCfg = Debug|x86
		{42777E4B-A8FA-4AEB-B981-9E880EF43610}.DevTest|Mixed Platforms.ActiveCfg = Debug|x86
		{42777E4B-A8FA-4AEB-B981-9E880EF43610}.DevTest|Mixed Platforms.Build.0 = Debug|x86
		{42777E4B-A8FA-4AEB-B981-9E880EF43610}.DevTest|x64.ActiveCfg = Debug|x86
		{42777E4B-A8FA-4AEB-B981-9E880EF43610}.DevTest|x86.ActiveCfg = Debug|x86
		{42777E4B-A8FA-4AEB-B981-9E880EF43610}.DevTest|x86.Build.0 = Debug|x86
		{42777E4B-A8FA-4AEB-B981-9E880EF43610}.MailSystem Dev|Any CPU.ActiveCfg = Release|x86
		{42777E4B-A8FA-4AEB-B981-9E880EF43610}.MailSystem Dev|Mixed Platforms.ActiveCfg = Release|x86
		{42777E4B-A8FA-4AEB-B981-9E880EF43610}.MailSystem Dev|Mixed Platforms.Build.0 = Release|x86
		{42777E4B-A8FA-4AEB-B981-9E880EF43610}.MailSystem Dev|x64.ActiveCfg = Release|x86
		{42777E4B-A8FA-4AEB-B981-9E880EF43610}.MailSystem Dev|x86.ActiveCfg = Release|x86
		{42777E4B-A8FA-4AEB-B981-9E880EF43610}.MailSystem Dev|x86.Build.0 = Release|x86
		{42777E4B-A8FA-4AEB-B981-9E880EF43610}.Release|Any CPU.ActiveCfg = Release|x86
		{42777E4B-A8FA-4AEB-B981-9E880EF43610}.Release|Mixed Platforms.ActiveCfg = Release|x86
		{42777E4B-A8FA-4AEB-B981-9E880EF43610}.Release|Mixed Platforms.Build.0 = Release|x86
		{42777E4B-A8FA-4AEB-B981-9E880EF43610}.Release|x64.ActiveCfg = Release|x86
		{42777E4B-A8FA-4AEB-B981-9E880EF43610}.Release|x86.ActiveCfg = Release|x86
		{42777E4B-A8FA-4AEB-B981-9E880EF43610}.Release|x86.Build.0 = Release|x86
		{42777E4B-A8FA-4AEB-B981-9E880EF43610}.Retail|Any CPU.ActiveCfg = Release|x86
		{42777E4B-A8FA-4AEB-B981-9E880EF43610}.Retail|Mixed Platforms.ActiveCfg = Release|x86
		{42777E4B-A8FA-4AEB-B981-9E880EF43610}.Retail|Mixed Platforms.Build.0 = Release|x86
		{42777E4B-A8FA-4AEB-B981-9E880EF43610}.Retail|x64.ActiveCfg = Release|x86
		{42777E4B-A8FA-4AEB-B981-9E880EF43610}.Retail|x86.ActiveCfg = Release|x86
		{42777E4B-A8FA-4AEB-B981-9E880EF43610}.Retail|x86.Build.0 = Release|x86
		{42777E4B-A8FA-4AEB-B981-9E880EF43610}.Trial|Any CPU.ActiveCfg = Release|x86
		{42777E4B-A8FA-4AEB-B981-9E880EF43610}.Trial|Mixed Platforms.ActiveCfg = Release|x86
		{42777E4B-A8FA-4AEB-B981-9E880EF43610}.Trial|Mixed Platforms.Build.0 = Release|x86
		{42777E4B-A8FA-4AEB-B981-9E880EF43610}.Trial|x64.ActiveCfg = Release|x86
		{42777E4B-A8FA-4AEB-B981-9E880EF43610}.Trial|x86.ActiveCfg = Release|x86
		{42777E4B-A8FA-4AEB-B981-9E880EF43610}.Trial|x86.Build.0 = Release|x86
		{BAA8E7F2-55B8-4030-A903-1710F0E25B39}.Debug|Any CPU.ActiveCfg = Debug|Any CPU
		{BAA8E7F2-55B8-4030-A903-1710F0E25B39}.Debug|Any CPU.Build.0 = Debug|Any CPU
		{BAA8E7F2-55B8-4030-A903-1710F0E25B39}.Debug|Mixed Platforms.ActiveCfg = Debug|Any CPU
		{BAA8E7F2-55B8-4030-A903-1710F0E25B39}.Debug|Mixed Platforms.Build.0 = Debug|Any CPU
		{BAA8E7F2-55B8-4030-A903-1710F0E25B39}.Debug|x64.ActiveCfg = Debug|Any CPU
		{BAA8E7F2-55B8-4030-A903-1710F0E25B39}.Debug|x86.ActiveCfg = Debug|Any CPU
		{BAA8E7F2-55B8-4030-A903-1710F0E25B39}.DevTest|Any CPU.ActiveCfg = Debug|Any CPU
		{BAA8E7F2-55B8-4030-A903-1710F0E25B39}.DevTest|Any CPU.Build.0 = Debug|Any CPU
		{BAA8E7F2-55B8-4030-A903-1710F0E25B39}.DevTest|Mixed Platforms.ActiveCfg = Debug|Any CPU
		{BAA8E7F2-55B8-4030-A903-1710F0E25B39}.DevTest|Mixed Platforms.Build.0 = Debug|Any CPU
		{BAA8E7F2-55B8-4030-A903-1710F0E25B39}.DevTest|x64.ActiveCfg = Debug|Any CPU
		{BAA8E7F2-55B8-4030-A903-1710F0E25B39}.DevTest|x86.ActiveCfg = Debug|Any CPU
		{BAA8E7F2-55B8-4030-A903-1710F0E25B39}.MailSystem Dev|Any CPU.ActiveCfg = Release|Any CPU
		{BAA8E7F2-55B8-4030-A903-1710F0E25B39}.MailSystem Dev|Any CPU.Build.0 = Release|Any CPU
		{BAA8E7F2-55B8-4030-A903-1710F0E25B39}.MailSystem Dev|Mixed Platforms.ActiveCfg = Release|Any CPU
		{BAA8E7F2-55B8-4030-A903-1710F0E25B39}.MailSystem Dev|Mixed Platforms.Build.0 = Release|Any CPU
		{BAA8E7F2-55B8-4030-A903-1710F0E25B39}.MailSystem Dev|x64.ActiveCfg = Release|Any CPU
		{BAA8E7F2-55B8-4030-A903-1710F0E25B39}.MailSystem Dev|x86.ActiveCfg = Release|Any CPU
		{BAA8E7F2-55B8-4030-A903-1710F0E25B39}.Release|Any CPU.ActiveCfg = Release|Any CPU
		{BAA8E7F2-55B8-4030-A903-1710F0E25B39}.Release|Any CPU.Build.0 = Release|Any CPU
		{BAA8E7F2-55B8-4030-A903-1710F0E25B39}.Release|Mixed Platforms.ActiveCfg = Release|Any CPU
		{BAA8E7F2-55B8-4030-A903-1710F0E25B39}.Release|Mixed Platforms.Build.0 = Release|Any CPU
		{BAA8E7F2-55B8-4030-A903-1710F0E25B39}.Release|x64.ActiveCfg = Release|Any CPU
		{BAA8E7F2-55B8-4030-A903-1710F0E25B39}.Release|x86.ActiveCfg = Release|Any CPU
		{BAA8E7F2-55B8-4030-A903-1710F0E25B39}.Retail|Any CPU.ActiveCfg = Release|Any CPU
		{BAA8E7F2-55B8-4030-A903-1710F0E25B39}.Retail|Any CPU.Build.0 = Release|Any CPU
		{BAA8E7F2-55B8-4030-A903-1710F0E25B39}.Retail|Mixed Platforms.ActiveCfg = Release|Any CPU
		{BAA8E7F2-55B8-4030-A903-1710F0E25B39}.Retail|Mixed Platforms.Build.0 = Release|Any CPU
		{BAA8E7F2-55B8-4030-A903-1710F0E25B39}.Retail|x64.ActiveCfg = Release|Any CPU
		{BAA8E7F2-55B8-4030-A903-1710F0E25B39}.Retail|x86.ActiveCfg = Release|Any CPU
		{BAA8E7F2-55B8-4030-A903-1710F0E25B39}.Trial|Any CPU.ActiveCfg = Release|Any CPU
		{BAA8E7F2-55B8-4030-A903-1710F0E25B39}.Trial|Any CPU.Build.0 = Release|Any CPU
		{BAA8E7F2-55B8-4030-A903-1710F0E25B39}.Trial|Mixed Platforms.ActiveCfg = Release|Any CPU
		{BAA8E7F2-55B8-4030-A903-1710F0E25B39}.Trial|Mixed Platforms.Build.0 = Release|Any CPU
		{BAA8E7F2-55B8-4030-A903-1710F0E25B39}.Trial|x64.ActiveCfg = Release|Any CPU
		{BAA8E7F2-55B8-4030-A903-1710F0E25B39}.Trial|x86.ActiveCfg = Release|Any CPU
		{8CEE3A7F-900D-4271-9049-5092EE553AEE}.Debug|Any CPU.ActiveCfg = Debug|x86
		{8CEE3A7F-900D-4271-9049-5092EE553AEE}.Debug|Mixed Platforms.ActiveCfg = Debug|x86
		{8CEE3A7F-900D-4271-9049-5092EE553AEE}.Debug|Mixed Platforms.Build.0 = Debug|x86
		{8CEE3A7F-900D-4271-9049-5092EE553AEE}.Debug|x64.ActiveCfg = Debug|x86
		{8CEE3A7F-900D-4271-9049-5092EE553AEE}.Debug|x86.ActiveCfg = Debug|x86
		{8CEE3A7F-900D-4271-9049-5092EE553AEE}.Debug|x86.Build.0 = Debug|x86
		{8CEE3A7F-900D-4271-9049-5092EE553AEE}.DevTest|Any CPU.ActiveCfg = Debug|x86
		{8CEE3A7F-900D-4271-9049-5092EE553AEE}.DevTest|Mixed Platforms.ActiveCfg = Debug|x86
		{8CEE3A7F-900D-4271-9049-5092EE553AEE}.DevTest|Mixed Platforms.Build.0 = Debug|x86
		{8CEE3A7F-900D-4271-9049-5092EE553AEE}.DevTest|x64.ActiveCfg = Debug|x86
		{8CEE3A7F-900D-4271-9049-5092EE553AEE}.DevTest|x86.ActiveCfg = Debug|x86
		{8CEE3A7F-900D-4271-9049-5092EE553AEE}.DevTest|x86.Build.0 = Debug|x86
		{8CEE3A7F-900D-4271-9049-5092EE553AEE}.MailSystem Dev|Any CPU.ActiveCfg = Release|x86
		{8CEE3A7F-900D-4271-9049-5092EE553AEE}.MailSystem Dev|Mixed Platforms.ActiveCfg = Release|x86
		{8CEE3A7F-900D-4271-9049-5092EE553AEE}.MailSystem Dev|Mixed Platforms.Build.0 = Release|x86
		{8CEE3A7F-900D-4271-9049-5092EE553AEE}.MailSystem Dev|x64.ActiveCfg = Release|x86
		{8CEE3A7F-900D-4271-9049-5092EE553AEE}.MailSystem Dev|x86.ActiveCfg = Release|x86
		{8CEE3A7F-900D-4271-9049-5092EE553AEE}.MailSystem Dev|x86.Build.0 = Release|x86
		{8CEE3A7F-900D-4271-9049-5092EE553AEE}.Release|Any CPU.ActiveCfg = Release|x86
		{8CEE3A7F-900D-4271-9049-5092EE553AEE}.Release|Mixed Platforms.ActiveCfg = Release|x86
		{8CEE3A7F-900D-4271-9049-5092EE553AEE}.Release|Mixed Platforms.Build.0 = Release|x86
		{8CEE3A7F-900D-4271-9049-5092EE553AEE}.Release|x64.ActiveCfg = Release|x86
		{8CEE3A7F-900D-4271-9049-5092EE553AEE}.Release|x86.ActiveCfg = Release|x86
		{8CEE3A7F-900D-4271-9049-5092EE553AEE}.Release|x86.Build.0 = Release|x86
		{8CEE3A7F-900D-4271-9049-5092EE553AEE}.Retail|Any CPU.ActiveCfg = Release|x86
		{8CEE3A7F-900D-4271-9049-5092EE553AEE}.Retail|Mixed Platforms.ActiveCfg = Release|x86
		{8CEE3A7F-900D-4271-9049-5092EE553AEE}.Retail|Mixed Platforms.Build.0 = Release|x86
		{8CEE3A7F-900D-4271-9049-5092EE553AEE}.Retail|x64.ActiveCfg = Release|x86
		{8CEE3A7F-900D-4271-9049-5092EE553AEE}.Retail|x86.ActiveCfg = Release|x86
		{8CEE3A7F-900D-4271-9049-5092EE553AEE}.Retail|x86.Build.0 = Release|x86
		{8CEE3A7F-900D-4271-9049-5092EE553AEE}.Trial|Any CPU.ActiveCfg = Release|x86
		{8CEE3A7F-900D-4271-9049-5092EE553AEE}.Trial|Mixed Platforms.ActiveCfg = Release|x86
		{8CEE3A7F-900D-4271-9049-5092EE553AEE}.Trial|Mixed Platforms.Build.0 = Release|x86
		{8CEE3A7F-900D-4271-9049-5092EE553AEE}.Trial|x64.ActiveCfg = Release|x86
		{8CEE3A7F-900D-4271-9049-5092EE553AEE}.Trial|x86.ActiveCfg = Release|x86
		{8CEE3A7F-900D-4271-9049-5092EE553AEE}.Trial|x86.Build.0 = Release|x86
		{04334D35-86C0-4BB6-A60D-8D51B09C5617}.Debug|Any CPU.ActiveCfg = Debug|Any CPU
		{04334D35-86C0-4BB6-A60D-8D51B09C5617}.Debug|Any CPU.Build.0 = Debug|Any CPU
		{04334D35-86C0-4BB6-A60D-8D51B09C5617}.Debug|Mixed Platforms.ActiveCfg = Debug|Any CPU
		{04334D35-86C0-4BB6-A60D-8D51B09C5617}.Debug|Mixed Platforms.Build.0 = Debug|Any CPU
		{04334D35-86C0-4BB6-A60D-8D51B09C5617}.Debug|x64.ActiveCfg = Debug|Any CPU
		{04334D35-86C0-4BB6-A60D-8D51B09C5617}.Debug|x86.ActiveCfg = Debug|Any CPU
		{04334D35-86C0-4BB6-A60D-8D51B09C5617}.DevTest|Any CPU.ActiveCfg = Debug|Any CPU
		{04334D35-86C0-4BB6-A60D-8D51B09C5617}.DevTest|Any CPU.Build.0 = Debug|Any CPU
		{04334D35-86C0-4BB6-A60D-8D51B09C5617}.DevTest|Mixed Platforms.ActiveCfg = Debug|Any CPU
		{04334D35-86C0-4BB6-A60D-8D51B09C5617}.DevTest|Mixed Platforms.Build.0 = Debug|Any CPU
		{04334D35-86C0-4BB6-A60D-8D51B09C5617}.DevTest|x64.ActiveCfg = Debug|Any CPU
		{04334D35-86C0-4BB6-A60D-8D51B09C5617}.DevTest|x86.ActiveCfg = Debug|Any CPU
		{04334D35-86C0-4BB6-A60D-8D51B09C5617}.MailSystem Dev|Any CPU.ActiveCfg = Release|Any CPU
		{04334D35-86C0-4BB6-A60D-8D51B09C5617}.MailSystem Dev|Any CPU.Build.0 = Release|Any CPU
		{04334D35-86C0-4BB6-A60D-8D51B09C5617}.MailSystem Dev|Mixed Platforms.ActiveCfg = Release|Any CPU
		{04334D35-86C0-4BB6-A60D-8D51B09C5617}.MailSystem Dev|Mixed Platforms.Build.0 = Release|Any CPU
		{04334D35-86C0-4BB6-A60D-8D51B09C5617}.MailSystem Dev|x64.ActiveCfg = Release|Any CPU
		{04334D35-86C0-4BB6-A60D-8D51B09C5617}.MailSystem Dev|x86.ActiveCfg = Release|Any CPU
		{04334D35-86C0-4BB6-A60D-8D51B09C5617}.Release|Any CPU.ActiveCfg = Release|Any CPU
		{04334D35-86C0-4BB6-A60D-8D51B09C5617}.Release|Any CPU.Build.0 = Release|Any CPU
		{04334D35-86C0-4BB6-A60D-8D51B09C5617}.Release|Mixed Platforms.ActiveCfg = Release|Any CPU
		{04334D35-86C0-4BB6-A60D-8D51B09C5617}.Release|Mixed Platforms.Build.0 = Release|Any CPU
		{04334D35-86C0-4BB6-A60D-8D51B09C5617}.Release|x64.ActiveCfg = Release|Any CPU
		{04334D35-86C0-4BB6-A60D-8D51B09C5617}.Release|x86.ActiveCfg = Release|Any CPU
		{04334D35-86C0-4BB6-A60D-8D51B09C5617}.Retail|Any CPU.ActiveCfg = Release|Any CPU
		{04334D35-86C0-4BB6-A60D-8D51B09C5617}.Retail|Any CPU.Build.0 = Release|Any CPU
		{04334D35-86C0-4BB6-A60D-8D51B09C5617}.Retail|Mixed Platforms.ActiveCfg = Release|Any CPU
		{04334D35-86C0-4BB6-A60D-8D51B09C5617}.Retail|Mixed Platforms.Build.0 = Release|Any CPU
		{04334D35-86C0-4BB6-A60D-8D51B09C5617}.Retail|x64.ActiveCfg = Release|Any CPU
		{04334D35-86C0-4BB6-A60D-8D51B09C5617}.Retail|x86.ActiveCfg = Release|Any CPU
		{04334D35-86C0-4BB6-A60D-8D51B09C5617}.Trial|Any CPU.ActiveCfg = Release|Any CPU
		{04334D35-86C0-4BB6-A60D-8D51B09C5617}.Trial|Any CPU.Build.0 = Release|Any CPU
		{04334D35-86C0-4BB6-A60D-8D51B09C5617}.Trial|Mixed Platforms.ActiveCfg = Release|Any CPU
		{04334D35-86C0-4BB6-A60D-8D51B09C5617}.Trial|Mixed Platforms.Build.0 = Release|Any CPU
		{04334D35-86C0-4BB6-A60D-8D51B09C5617}.Trial|x64.ActiveCfg = Release|Any CPU
		{04334D35-86C0-4BB6-A60D-8D51B09C5617}.Trial|x86.ActiveCfg = Release|Any CPU
		{E24D4033-A071-479E-A5E4-B07AA126B714}.Debug|Any CPU.ActiveCfg = Debug|x86
		{E24D4033-A071-479E-A5E4-B07AA126B714}.Debug|Mixed Platforms.ActiveCfg = Debug|x86
		{E24D4033-A071-479E-A5E4-B07AA126B714}.Debug|Mixed Platforms.Build.0 = Debug|x86
		{E24D4033-A071-479E-A5E4-B07AA126B714}.Debug|x64.ActiveCfg = Debug|x86
		{E24D4033-A071-479E-A5E4-B07AA126B714}.Debug|x86.ActiveCfg = Debug|x86
		{E24D4033-A071-479E-A5E4-B07AA126B714}.Debug|x86.Build.0 = Debug|x86
		{E24D4033-A071-479E-A5E4-B07AA126B714}.DevTest|Any CPU.ActiveCfg = Debug|x86
		{E24D4033-A071-479E-A5E4-B07AA126B714}.DevTest|Mixed Platforms.ActiveCfg = Debug|x86
		{E24D4033-A071-479E-A5E4-B07AA126B714}.DevTest|Mixed Platforms.Build.0 = Debug|x86
		{E24D4033-A071-479E-A5E4-B07AA126B714}.DevTest|x64.ActiveCfg = Debug|x86
		{E24D4033-A071-479E-A5E4-B07AA126B714}.DevTest|x86.ActiveCfg = Debug|x86
		{E24D4033-A071-479E-A5E4-B07AA126B714}.DevTest|x86.Build.0 = Debug|x86
		{E24D4033-A071-479E-A5E4-B07AA126B714}.MailSystem Dev|Any CPU.ActiveCfg = Release|x86
		{E24D4033-A071-479E-A5E4-B07AA126B714}.MailSystem Dev|Mixed Platforms.ActiveCfg = Release|x86
		{E24D4033-A071-479E-A5E4-B07AA126B714}.MailSystem Dev|Mixed Platforms.Build.0 = Release|x86
		{E24D4033-A071-479E-A5E4-B07AA126B714}.MailSystem Dev|x64.ActiveCfg = Release|x86
		{E24D4033-A071-479E-A5E4-B07AA126B714}.MailSystem Dev|x86.ActiveCfg = Release|x86
		{E24D4033-A071-479E-A5E4-B07AA126B714}.MailSystem Dev|x86.Build.0 = Release|x86
		{E24D4033-A071-479E-A5E4-B07AA126B714}.Release|Any CPU.ActiveCfg = Release|x86
		{E24D4033-A071-479E-A5E4-B07AA126B714}.Release|Mixed Platforms.ActiveCfg = Release|x86
		{E24D4033-A071-479E-A5E4-B07AA126B714}.Release|Mixed Platforms.Build.0 = Release|x86
		{E24D4033-A071-479E-A5E4-B07AA126B714}.Release|x64.ActiveCfg = Release|x86
		{E24D4033-A071-479E-A5E4-B07AA126B714}.Release|x86.ActiveCfg = Release|x86
		{E24D4033-A071-479E-A5E4-B07AA126B714}.Release|x86.Build.0 = Release|x86
		{E24D4033-A071-479E-A5E4-B07AA126B714}.Retail|Any CPU.ActiveCfg = Release|x86
		{E24D4033-A071-479E-A5E4-B07AA126B714}.Retail|Mixed Platforms.ActiveCfg = Release|x86
		{E24D4033-A071-479E-A5E4-B07AA126B714}.Retail|Mixed Platforms.Build.0 = Release|x86
		{E24D4033-A071-479E-A5E4-B07AA126B714}.Retail|x64.ActiveCfg = Release|x86
		{E24D4033-A071-479E-A5E4-B07AA126B714}.Retail|x86.ActiveCfg = Release|x86
		{E24D4033-A071-479E-A5E4-B07AA126B714}.Retail|x86.Build.0 = Release|x86
		{E24D4033-A071-479E-A5E4-B07AA126B714}.Trial|Any CPU.ActiveCfg = Release|x86
		{E24D4033-A071-479E-A5E4-B07AA126B714}.Trial|Mixed Platforms.ActiveCfg = Release|x86
		{E24D4033-A071-479E-A5E4-B07AA126B714}.Trial|Mixed Platforms.Build.0 = Release|x86
		{E24D4033-A071-479E-A5E4-B07AA126B714}.Trial|x64.ActiveCfg = Release|x86
		{E24D4033-A071-479E-A5E4-B07AA126B714}.Trial|x86.ActiveCfg = Release|x86
		{E24D4033-A071-479E-A5E4-B07AA126B714}.Trial|x86.Build.0 = Release|x86
	EndGlobalSection
	GlobalSection(SolutionProperties) = preSolution
		HideSolutionNode = FALSE
	EndGlobalSection
EndGlobal
